{
  "name": "ASSIGNMNET",
  "lockfileVersion": 3,
  "requires": true,
  "packages": {
    "": {
      "dependencies": {
        "@cycjimmy/jsmpeg-player": "^6.0.5"
      }
    },
    "node_modules/@cycjimmy/jsmpeg-player": {
      "version": "6.0.5",
      "resolved": "https://registry.npmjs.org/@cycjimmy/jsmpeg-player/-/jsmpeg-player-6.0.5.tgz",
      "integrity": "sha512-bVNHQ7VN9ecKT5AI/6RC7zpW/y4ca68a9txeR5Wiin+jKpUn/7buMe+5NPub89A8NNeNnKPQfrD2+c76ch36mA=="
    }
  }
}
